
Microsoft Visual Studio Solution File, Format Version 12.00
# Visual Studio Version 16
VisualStudioVersion = 16.0.30907.101
MinimumVisualStudioVersion = 10.0.40219.1
Project("{FAE04EC0-301F-11D3-BF4B-00C04F79EFBC}") = "Shapesclasses", "Shapesclasses.csproj", "{0ECC39F3-02C7-48C8-8A70-3BDC372F2438}"
EndProject
Global
	GlobalSection(SolutionConfigurationPlatforms) = preSolution
		Debug|Any CPU = Debug|Any CPU
		Release|Any CPU = Release|Any CPU
	EndGlobalSection
	GlobalSection(ProjectConfigurationPlatforms) = postSolution
		{0ECC39F3-02C7-48C8-8A70-3BDC372F2438}.Debug|Any CPU.ActiveCfg = Debug|Any CPU
		{0ECC39F3-02C7-48C8-8A70-3BDC372F2438}.Debug|Any CPU.Build.0 = Debug|Any CPU
		{0ECC39F3-02C7-48C8-8A70-3BDC372F2438}.Release|Any CPU.ActiveCfg = Release|Any CPU
		{0ECC39F3-02C7-48C8-8A70-3BDC372F2438}.Release|Any CPU.Build.0 = Release|Any CPU
	EndGlobalSection
	GlobalSection(SolutionProperties) = preSolution
		HideSolutionNode = FALSE
	EndGlobalSection
	GlobalSection(ExtensibilityGlobals) = postSolution
		SolutionGuid = {E5168379-FC28-4554-A34E-1A0390C4DB4F}
	EndGlobalSection
EndGlobal
